
Microsoft Visual Studio Solution File, Format Version 12.00
# Visual Studio Version 16
VisualStudioVersion = 16.0.30413.136
MinimumVisualStudioVersion = 10.0.40219.1
Project("{9A19103F-16F7-4668-BE54-9A1E7A4F7556}") = "ASPNETCoreWebApp-28Oct", "ASPNETCoreWebApp-28Oct.csproj", "{0F13E399-21DB-4174-B8C8-611A272AD7B1}"
EndProject
Project("{FAE04EC0-301F-11D3-BF4B-00C04F79EFBC}") = "FirstDOTNETTestProject", "..\FirstDOTNETTestProject\FirstDOTNETTestProject.csproj", "{5DE8288C-1A11-4969-91FD-7EC243382776}"
EndProject
Global
	GlobalSection(SolutionConfigurationPlatforms) = preSolution
		Debug|Any CPU = Debug|Any CPU
		Release|Any CPU = Release|Any CPU
	EndGlobalSection
	GlobalSection(ProjectConfigurationPlatforms) = postSolution
		{0F13E399-21DB-4174-B8C8-611A272AD7B1}.Debug|Any CPU.ActiveCfg = Debug|Any CPU
		{0F13E399-21DB-4174-B8C8-611A272AD7B1}.Debug|Any CPU.Build.0 = Debug|Any CPU
		{0F13E399-21DB-4174-B8C8-611A272AD7B1}.Release|Any CPU.ActiveCfg = Release|Any CPU
		{0F13E399-21DB-4174-B8C8-611A272AD7B1}.Release|Any CPU.Build.0 = Release|Any CPU
		{5DE8288C-1A11-4969-91FD-7EC243382776}.Debug|Any CPU.ActiveCfg = Debug|Any CPU
		{5DE8288C-1A11-4969-91FD-7EC243382776}.Debug|Any CPU.Build.0 = Debug|Any CPU
		{5DE8288C-1A11-4969-91FD-7EC243382776}.Release|Any CPU.ActiveCfg = Release|Any CPU
		{5DE8288C-1A11-4969-91FD-7EC243382776}.Release|Any CPU.Build.0 = Release|Any CPU
	EndGlobalSection
	GlobalSection(SolutionProperties) = preSolution
		HideSolutionNode = FALSE
	EndGlobalSection
	GlobalSection(ExtensibilityGlobals) = postSolution
		SolutionGuid = {AE065E58-23BD-491E-A0CA-37D1C8FEDE08}
	EndGlobalSection
EndGlobal
